
Microsoft Visual Studio Solution File, Format Version 12.00
# Visual Studio 2013
VisualStudioVersion = 12.0.40121.0
MinimumVisualStudioVersion = 10.0.40219.1
Project("{2150E333-8FDC-42A3-9474-1A3956D46DE8}") = "less", "less", "{805AAF61-C523-4E15-953A-D44B3A5A8256}"
	ProjectSection(SolutionItems) = preProject
		less\mixins.less = less\mixins.less
	EndProjectSection
EndProject
Project("{2150E333-8FDC-42A3-9474-1A3956D46DE8}") = "js", "js", "{2EA29EA3-C6C3-4110-A0A3-7D3C082E92BD}"
	ProjectSection(SolutionItems) = preProject
		js\inputs.js = js\inputs.js
	EndProjectSection
EndProject
Project("{2150E333-8FDC-42A3-9474-1A3956D46DE8}") = "Solution Items", "Solution Items", "{FC9A6454-FCB7-4A28-A07D-56EDA49C5D5C}"
	ProjectSection(SolutionItems) = preProject
		.gitattributes = .gitattributes
		.gitignore = .gitignore
		README.md = README.md
	EndProjectSection
EndProject
Global
	GlobalSection(SolutionProperties) = preSolution
		HideSolutionNode = FALSE
	EndGlobalSection
EndGlobal
